
Microsoft Visual Studio Solution File, Format Version 12.00
# Visual Studio Version 17
VisualStudioVersion = 17.9.34723.18
MinimumVisualStudioVersion = 10.0.40219.1
Project("{FAE04EC0-301F-11D3-BF4B-00C04F79EFBC}") = "RestoCommandApplicationEmployee", "RestoCommandApplicationEmployee.csproj", "{12CE6AF2-7095-40CD-B6F1-F9AAB848270F}"
EndProject
Global
	GlobalSection(SolutionConfigurationPlatforms) = preSolution
		Debug|Any CPU = Debug|Any CPU
		Release|Any CPU = Release|Any CPU
	EndGlobalSection
	GlobalSection(ProjectConfigurationPlatforms) = postSolution
		{12CE6AF2-7095-40CD-B6F1-F9AAB848270F}.Debug|Any CPU.ActiveCfg = Debug|Any CPU
		{12CE6AF2-7095-40CD-B6F1-F9AAB848270F}.Debug|Any CPU.Build.0 = Debug|Any CPU
		{12CE6AF2-7095-40CD-B6F1-F9AAB848270F}.Release|Any CPU.ActiveCfg = Release|Any CPU
		{12CE6AF2-7095-40CD-B6F1-F9AAB848270F}.Release|Any CPU.Build.0 = Release|Any CPU
	EndGlobalSection
	GlobalSection(SolutionProperties) = preSolution
		HideSolutionNode = FALSE
	EndGlobalSection
	GlobalSection(ExtensibilityGlobals) = postSolution
		SolutionGuid = {356E6607-67C0-45B5-BFF8-F1D10C7FE5CF}
	EndGlobalSection
EndGlobal
